
Microsoft Visual Studio Solution File, Format Version 12.00
# Visual Studio Version 16
VisualStudioVersion = 16.0.32930.78
MinimumVisualStudioVersion = 10.0.40219.1
Project("{F184B08F-C81C-45F6-A57F-5ABD9991F28F}") = "EmployeeManagementSystem", "EmployeeManagementSystem.vbproj", "{711F973E-A086-49F4-A917-7B8E09B82A0A}"
EndProject
Global
	GlobalSection(SolutionConfigurationPlatforms) = preSolution
		Debug|Any CPU = Debug|Any CPU
		Release|Any CPU = Release|Any CPU
	EndGlobalSection
	GlobalSection(ProjectConfigurationPlatforms) = postSolution
		{711F973E-A086-49F4-A917-7B8E09B82A0A}.Debug|Any CPU.ActiveCfg = Debug|Any CPU
		{711F973E-A086-49F4-A917-7B8E09B82A0A}.Debug|Any CPU.Build.0 = Debug|Any CPU
		{711F973E-A086-49F4-A917-7B8E09B82A0A}.Release|Any CPU.ActiveCfg = Release|Any CPU
		{711F973E-A086-49F4-A917-7B8E09B82A0A}.Release|Any CPU.Build.0 = Release|Any CPU
	EndGlobalSection
	GlobalSection(SolutionProperties) = preSolution
		HideSolutionNode = FALSE
	EndGlobalSection
	GlobalSection(ExtensibilityGlobals) = postSolution
		SolutionGuid = {0003B7ED-914D-443E-9366-B90ECA4971F2}
	EndGlobalSection
EndGlobal
